
Microsoft Visual Studio Solution File, Format Version 12.00
# Visual Studio Version 16
VisualStudioVersion = 16.0.28922.388
MinimumVisualStudioVersion = 10.0.40219.1
Project("{FAE04EC0-301F-11D3-BF4B-00C04F79EFBC}") = "JWT", "JWT\JWT.csproj", "{F7E803CB-23F7-4C21-BB3C-3B0F2DFE23F2}"
EndProject
Global
	GlobalSection(SolutionConfigurationPlatforms) = preSolution
		Debug|Any CPU = Debug|Any CPU
		Release|Any CPU = Release|Any CPU
	EndGlobalSection
	GlobalSection(ProjectConfigurationPlatforms) = postSolution
		{F7E803CB-23F7-4C21-BB3C-3B0F2DFE23F2}.Debug|Any CPU.ActiveCfg = Debug|Any CPU
		{F7E803CB-23F7-4C21-BB3C-3B0F2DFE23F2}.Debug|Any CPU.Build.0 = Debug|Any CPU
		{F7E803CB-23F7-4C21-BB3C-3B0F2DFE23F2}.Release|Any CPU.ActiveCfg = Release|Any CPU
		{F7E803CB-23F7-4C21-BB3C-3B0F2DFE23F2}.Release|Any CPU.Build.0 = Release|Any CPU
	EndGlobalSection
	GlobalSection(SolutionProperties) = preSolution
		HideSolutionNode = FALSE
	EndGlobalSection
	GlobalSection(ExtensibilityGlobals) = postSolution
		SolutionGuid = {135713A4-6188-4186-9379-A652DDA8D96F}
	EndGlobalSection
EndGlobal
